// !$*UTF8*$!
{
	archiveVersion = 1;
	classes = {
	};
	objectVersion = 50;
	objects = {

/* Begin PBXBuildFile section */
		E485792423B218AF0034E369 /* AppDelegate.swift in Sources */ = {isa = PBXBuildFile; fileRef = E485792323B218AF0034E369 /* AppDelegate.swift */; };
		E485792623B218AF0034E369 /* SceneDelegate.swift in Sources */ = {isa = PBXBuildFile; fileRef = E485792523B218AF0034E369 /* SceneDelegate.swift */; };
		E485792823B218AF0034E369 /* ContentView.swift in Sources */ = {isa = PBXBuildFile; fileRef = E485792723B218AF0034E369 /* ContentView.swift */; };
		E485792A23B218B20034E369 /* Assets.xcassets in Resources */ = {isa = PBXBuildFile; fileRef = E485792923B218B20034E369 /* Assets.xcassets */; };
		E485792D23B218B20034E369 /* Preview Assets.xcassets in Resources */ = {isa = PBXBuildFile; fileRef = E485792C23B218B20034E369 /* Preview Assets.xcassets */; };
		E485793023B218B20034E369 /* LaunchScreen.storyboard in Resources */ = {isa = PBXBuildFile; fileRef = E485792E23B218B20034E369 /* LaunchScreen.storyboard */; };
		E485793923B2344A0034E369 /* Track.swift in Sources */ = {isa = PBXBuildFile; fileRef = E485793823B2344A0034E369 /* Track.swift */; };
/* End PBXBuildFile section */

/* Begin PBXFileReference section */
		E485792023B218AF0034E369 /* BindingExample.app */ = {isa = PBXFileReference; explicitFileType = wrapper.application; includeInIndex = 0; path = BindingExample.app; sourceTree = BUILT_PRODUCTS_DIR; };
		E485792323B218AF0034E369 /* AppDelegate.swift */ = {isa = PBXFileReference; lastKnownFileType = sourcecode.swift; path = AppDelegate.swift; sourceTree = "<group>"; };
		E485792523B218AF0034E369 /* SceneDelegate.swift */ = {isa = PBXFileReference; lastKnownFileType = sourcecode.swift; path = SceneDelegate.swift; sourceTree = "<group>"; };
		E485792723B218AF0034E369 /* ContentView.swift */ = {isa = PBXFileReference; lastKnownFileType = sourcecode.swift; path = ContentView.swift; sourceTree = "<group>"; };
		E485792923B218B20034E369 /* Assets.xcassets */ = {isa = PBXFileReference; lastKnownFileType = folder.assetcatalog; path = Assets.xcassets; sourceTree = "<group>"; };
		E485792C23B218B20034E369 /* Preview Assets.xcassets */ = {isa = PBXFileReference; lastKnownFileType = folder.assetcatalog; path = "Preview Assets.xcassets"; sourceTree = "<group>"; };
		E485792F23B218B20034E369 /* Base */ = {isa = PBXFileReference; lastKnownFileType = file.storyboard; name = Base; path = Base.lproj/LaunchScreen.storyboard; sourceTree = "<group>"; };
		E485793123B218B20034E369 /* Info.plist */ = {isa = PBXFileReference; lastKnownFileType = text.plist.xml; path = Info.plist; sourceTree = "<group>"; };
		E485793823B2344A0034E369 /* Track.swift */ = {isa = PBXFileReference; lastKnownFileType = sourcecode.swift; path = Track.swift; sourceTree = "<group>"; };
/* End PBXFileReference section */

/* Begin PBXFrameworksBuildPhase section */
		E485791D23B218AF0034E369 /* Frameworks */ = {
			isa = PBXFrameworksBuildPhase;
			buildActionMask = 2147483647;
			files = (
			);
			runOnlyForDeploymentPostprocessing = 0;
		};
/* End PBXFrameworksBuildPhase section */

/* Begin PBXGroup section */
		E485791723B218AF0034E369 = {
			isa = PBXGroup;
			children = (
				E485792223B218AF0034E369 /* BindingExample */,
				E485792123B218AF0034E369 /* Products */,
			);
			sourceTree = "<group>";
		};
		E485792123B218AF0034E369 /* Products */ = {
			isa = PBXGroup;
			children = (
				E485792023B218AF0034E369 /* BindingExample.app */,
			);
			name = Products;
			sourceTree = "<group>";
		};
		E485792223B218AF0034E369 /* BindingExample */ = {
			isa = PBXGroup;
			children = (
				E485793723B234230034E369 /* Models */,
				E485792323B218AF0034E369 /* AppDelegate.swift */,
				E485792523B218AF0034E369 /* SceneDelegate.swift */,
				E485792723B218AF0034E369 /* ContentView.swift */,
				E485792923B218B20034E369 /* Assets.xcassets */,
				E485792E23B218B20034E369 /* LaunchScreen.storyboard */,
				E485793123B218B20034E369 /* Info.plist */,
				E485792B23B218B20034E369 /* Preview Content */,
			);
			path = BindingExample;
			sourceTree = "<group>";
		};
		E485792B23B218B20034E369 /* Preview Content */ = {
			isa = PBXGroup;
			children = (
				E485792C23B218B20034E369 /* Preview Assets.xcassets */,
			);
			path = "Preview Content";
			sourceTree = "<group>";
		};
		E485793723B234230034E369 /* Models */ = {
			isa = PBXGroup;
			children = (
				E485793823B2344A0034E369 /* Track.swift */,
			);
			path = Models;
			sourceTree = "<group>";
		};
/* End PBXGroup section */

/* Begin PBXNativeTarget section */
		E485791F23B218AF0034E369 /* BindingExample */ = {
			isa = PBXNativeTarget;
			buildConfigurationList = E485793423B218B20034E369 /* Build configuration list for PBXNativeTarget "BindingExample" */;
			buildPhases = (
				E485791C23B218AF0034E369 /* Sources */,
				E485791D23B218AF0034E369 /* Frameworks */,
				E485791E23B218AF0034E369 /* Resources */,
			);
			buildRules = (
			);
			dependencies = (
			);
			name = BindingExample;
			productName = BindingExample;
			productReference = E485792023B218AF0034E369 /* BindingExample.app */;
			productType = "com.apple.product-type.application";
		};
/* End PBXNativeTarget section */

/* Begin PBXProject section */
		E485791823B218AF0034E369 /* Project object */ = {
			isa = PBXProject;
			attributes = {
				LastSwiftUpdateCheck = 1130;
				LastUpgradeCheck = 1130;
				ORGANIZATIONNAME = "Soni Suman";
				TargetAttributes = {
					E485791F23B218AF0034E369 = {
						CreatedOnToolsVersion = 11.3;
					};
				};
			};
			buildConfigurationList = E485791B23B218AF0034E369 /* Build configuration list for PBXProject "BindingExample" */;
			compatibilityVersion = "Xcode 9.3";
			developmentRegion = en;
			hasScannedForEncodings = 0;
			knownRegions = (
				en,
				Base,
			);
			mainGroup = E485791723B218AF0034E369;
			productRefGroup = E485792123B218AF0034E369 /* Products */;
			projectDirPath = "";
			projectRoot = "";
			targets = (
				E485791F23B218AF0034E369 /* BindingExample */,
			);
		};
/* End PBXProject section */

/* Begin PBXResourcesBuildPhase section */
		E485791E23B218AF0034E369 /* Resources */ = {
			isa = PBXResourcesBuildPhase;
			buildActionMask = 2147483647;
			files = (
				E485793023B218B20034E369 /* LaunchScreen.storyboard in Resources */,
				E485792D23B218B20034E369 /* Preview Assets.xcassets in Resources */,
				E485792A23B218B20034E369 /* Assets.xcassets in Resources */,
			);
			runOnlyForDeploymentPostprocessing = 0;
		};
/* End PBXResourcesBuildPhase section */

/* Begin PBXSourcesBuildPhase section */
		E485791C23B218AF0034E369 /* Sources */ = {
			isa = PBXSourcesBuildPhase;
			buildActionMask = 2147483647;
			files = (
				E485792423B218AF0034E369 /* AppDelegate.swift in Sources */,
				E485792623B218AF0034E369 /* SceneDelegate.swift in Sources */,
				E485792823B218AF0034E369 /* ContentView.swift in Sources */,
				E485793923B2344A0034E369 /* Track.swift in Sources */,
			);
			runOnlyForDeploymentPostprocessing = 0;
		};
/* End PBXSourcesBuildPhase section */

/* Begin PBXVariantGroup section */
		E485792E23B218B20034E369 /* LaunchScreen.storyboard */ = {
			isa = PBXVariantGroup;
			children = (
				E485792F23B218B20034E369 /* Base */,
			);
			name = LaunchScreen.storyboard;
			sourceTree = "<group>";
		};
/* End PBXVariantGroup section */

/* Begin XCBuildConfiguration section */
		E485793223B218B20034E369 /* Debug */ = {
			isa = XCBuildConfiguration;
			buildSettings = {
				ALWAYS_SEARCH_USER_PATHS = NO;
				CLANG_ANALYZER_NONNULL = YES;
				CLANG_ANALYZER_NUMBER_OBJECT_CONVERSION = YES_AGGRESSIVE;
				CLANG_CXX_LANGUAGE_STANDARD = "gnu++14";
				CLANG_CXX_LIBRARY = "libc++";
				CLANG_ENABLE_MODULES = YES;
				CLANG_ENABLE_OBJC_ARC = YES;
				CLANG_ENABLE_OBJC_WEAK = YES;
				CLANG_WARN_BLOCK_CAPTURE_AUTORELEASING = YES;
				CLANG_WARN_BOOL_CONVERSION = YES;
				CLANG_WARN_COMMA = YES;
				CLANG_WARN_CONSTANT_CONVERSION = YES;
				CLANG_WARN_DEPRECATED_OBJC_IMPLEMENTATIONS = YES;
				CLANG_WARN_DIRECT_OBJC_ISA_USAGE = YES_ERROR;
				CLANG_WARN_DOCUMENTATION_COMMENTS = YES;
				CLANG_WARN_EMPTY_BODY = YES;
				CLANG_WARN_ENUM_CONVERSION = YES;
				CLANG_WARN_INFINITE_RECURSION = YES;
				CLANG_WARN_INT_CONVERSION = YES;
				CLANG_WARN_NON_LITERAL_NULL_CONVERSION = YES;
				CLANG_WARN_OBJC_IMPLICIT_RETAIN_SELF = YES;
				CLANG_WARN_OBJC_LITERAL_CONVERSION = YES;
				CLANG_WARN_OBJC_ROOT_CLASS = YES_ERROR;
				CLANG_WARN_RANGE_LOOP_ANALYSIS = YES;
				CLANG_WARN_STRICT_PROTOTYPES = YES;
				CLANG_WARN_SUSPICIOUS_MOVE = YES;
				CLANG_WARN_UNGUARDED_AVAILABILITY = YES_AGGRESSIVE;
				CLANG_WARN_UNREACHABLE_CODE = YES;
				CLANG_WARN__DUPLICATE_METHOD_MATCH = YES;
				COPY_PHASE_STRIP = NO;
				DEBUG_INFORMATION_FORMAT = dwarf;
				ENABLE_STRICT_OBJC_MSGSEND = YES;
				ENABLE_TESTABILITY = YES;
				GCC_C_LANGUAGE_STANDARD = gnu11;
				GCC_DYNAMIC_NO_PIC = NO;
				GCC_NO_COMMON_BLOCKS = YES;
				GCC_OPTIMIZATION_LEVEL = 0;
				GCC_PREPROCESSOR_DEFINITIONS = (
					"DEBUG=1",
					"$(inherited)",
				);
				GCC_WARN_64_TO_32_BIT_CONVERSION = YES;
				GCC_WARN_ABOUT_RETURN_TYPE = YES_ERROR;
				GCC_WARN_UNDECLARED_SELECTOR = YES;
				GCC_WARN_UNINITIALIZED_AUTOS = YES_AGGRESSIVE;
				GCC_WARN_UNUSED_FUNCTION = YES;
				GCC_WARN_UNUSED_VARIABLE = YES;
				IPHONEOS_DEPLOYMENT_TARGET = 13.2;
				MTL_ENABLE_DEBUG_INFO = INCLUDE_SOURCE;
				MTL_FAST_MATH = YES;
				ONLY_ACTIVE_ARCH = YES;
				SDKROOT = iphoneos;
				SWIFT_ACTIVE_COMPILATION_CONDITIONS = DEBUG;
				SWIFT_OPTIMIZATION_LEVEL = "-Onone";
			};
			name = Debug;
		};
		E485793323B218B20034E369 /* Release */ = {
			isa = XCBuildConfiguration;
			buildSettings = {
				ALWAYS_SEARCH_USER_PATHS = NO;
				CLANG_ANALYZER_NONNULL = YES;
				CLANG_ANALYZER_NUMBER_OBJECT_CONVERSION = YES_AGGRESSIVE;
				CLANG_CXX_LANGUAGE_STANDARD = "gnu++14";
				CLANG_CXX_LIBRARY = "libc++";
				CLANG_ENABLE_MODULES = YES;
				CLANG_ENABLE_OBJC_ARC = YES;
				CLANG_ENABLE_OBJC_WEAK = YES;
				CLANG_WARN_BLOCK_CAPTURE_AUTORELEASING = YES;
				CLANG_WARN_BOOL_CONVERSION = YES;
				CLANG_WARN_COMMA = YES;
				CLANG_WARN_CONSTANT_CONVERSION = YES;
				CLANG_WARN_DEPRECATED_OBJC_IMPLEMENTATIONS = YES;
				CLANG_WARN_DIRECT_OBJC_ISA_USAGE = YES_ERROR;
				CLANG_WARN_DOCUMENTATION_COMMENTS = YES;
				CLANG_WARN_EMPTY_BODY = YES;
				CLANG_WARN_ENUM_CONVERSION = YES;
				CLANG_WARN_INFINITE_RECURSION = YES;
				CLANG_WARN_INT_CONVERSION = YES;
				CLANG_WARN_NON_LITERAL_NULL_CONVERSION = YES;
				CLANG_WARN_OBJC_IMPLICIT_RETAIN_SELF = YES;
				CLANG_WARN_OBJC_LITERAL_CONVERSION = YES;
				CLANG_WARN_OBJC_ROOT_CLASS = YES_ERROR;
				CLANG_WARN_RANGE_LOOP_ANALYSIS = YES;
				CLANG_WARN_STRICT_PROTOTYPES = YES;
				CLANG_WARN_SUSPICIOUS_MOVE = YES;
				CLANG_WARN_UNGUARDED_AVAILABILITY = YES_AGGRESSIVE;
				CLANG_WARN_UNREACHABLE_CODE = YES;
				CLANG_WARN__DUPLICATE_METHOD_MATCH = YES;
				COPY_PHASE_STRIP = NO;
				DEBUG_INFORMATION_FORMAT = "dwarf-with-dsym";
				ENABLE_NS_ASSERTIONS = NO;
				ENABLE_STRICT_OBJC_MSGSEND = YES;
				GCC_C_LANGUAGE_STANDARD = gnu11;
				GCC_NO_COMMON_BLOCKS = YES;
				GCC_WARN_64_TO_32_BIT_CONVERSION = YES;
				GCC_WARN_ABOUT_RETURN_TYPE = YES_ERROR;
				GCC_WARN_UNDECLARED_SELECTOR = YES;
				GCC_WARN_UNINITIALIZED_AUTOS = YES_AGGRESSIVE;
				GCC_WARN_UNUSED_FUNCTION = YES;
				GCC_WARN_UNUSED_VARIABLE = YES;
				IPHONEOS_DEPLOYMENT_TARGET = 13.2;
				MTL_ENABLE_DEBUG_INFO = NO;
				MTL_FAST_MATH = YES;
				SDKROOT = iphoneos;
				SWIFT_COMPILATION_MODE = wholemodule;
				SWIFT_OPTIMIZATION_LEVEL = "-O";
				VALIDATE_PRODUCT = YES;
			};
			name = Release;
		};
		E485793523B218B20034E369 /* Debug */ = {
			isa = XCBuildConfiguration;
			buildSettings = {
				ASSETCATALOG_COMPILER_APPICON_NAME = AppIcon;
				CODE_SIGN_STYLE = Automatic;
				DEVELOPMENT_ASSET_PATHS = "\"BindingExample/Preview Content\"";
				ENABLE_PREVIEWS = YES;
				INFOPLIST_FILE = BindingExample/Info.plist;
				LD_RUNPATH_SEARCH_PATHS = (
					"$(inherited)",
					"@executable_path/Frameworks",
				);
				PRODUCT_BUNDLE_IDENTIFIER = com.sample.swiftUI.BindingExample;
				PRODUCT_NAME = "$(TARGET_NAME)";
				SWIFT_VERSION = 5.0;
				TARGETED_DEVICE_FAMILY = "1,2";
			};
			name = Debug;
		};
		E485793623B218B20034E369 /* Release */ = {
			isa = XCBuildConfiguration;
			buildSettings = {
				ASSETCATALOG_COMPILER_APPICON_NAME = AppIcon;
				CODE_SIGN_STYLE = Automatic;
				DEVELOPMENT_ASSET_PATHS = "\"BindingExample/Preview Content\"";
				ENABLE_PREVIEWS = YES;
				INFOPLIST_FILE = BindingExample/Info.plist;
				LD_RUNPATH_SEARCH_PATHS = (
					"$(inherited)",
					"@executable_path/Frameworks",
				);
				PRODUCT_BUNDLE_IDENTIFIER = com.sample.swiftUI.BindingExample;
				PRODUCT_NAME = "$(TARGET_NAME)";
				SWIFT_VERSION = 5.0;
				TARGETED_DEVICE_FAMILY = "1,2";
			};
			name = Release;
		};
/* End XCBuildConfiguration section */

/* Begin XCConfigurationList section */
		E485791B23B218AF0034E369 /* Build configuration list for PBXProject "BindingExample" */ = {
			isa = XCConfigurationList;
			buildConfigurations = (
				E485793223B218B20034E369 /* Debug */,
				E485793323B218B20034E369 /* Release */,
			);
			defaultConfigurationIsVisible = 0;
			defaultConfigurationName = Release;
		};
		E485793423B218B20034E369 /* Build configuration list for PBXNativeTarget "BindingExample" */ = {
			isa = XCConfigurationList;
			buildConfigurations = (
				E485793523B218B20034E369 /* Debug */,
				E485793623B218B20034E369 /* Release */,
			);
			defaultConfigurationIsVisible = 0;
			defaultConfigurationName = Release;
		};
/* End XCConfigurationList section */
	};
	rootObject = E485791823B218AF0034E369 /* Project object */;
}
